
Microsoft Visual Studio Solution File, Format Version 12.00
# Visual Studio Version 16
VisualStudioVersion = 16.0.30204.135
MinimumVisualStudioVersion = 10.0.40219.1
Project("{FAE04EC0-301F-11D3-BF4B-00C04F79EFBC}") = "OOPS", "OOPS\OOPS.csproj", "{082D80E6-F83D-475B-81ED-DECB72346160}"
EndProject
Global
	GlobalSection(SolutionConfigurationPlatforms) = preSolution
		Debug|Any CPU = Debug|Any CPU
		Release|Any CPU = Release|Any CPU
	EndGlobalSection
	GlobalSection(ProjectConfigurationPlatforms) = postSolution
		{082D80E6-F83D-475B-81ED-DECB72346160}.Debug|Any CPU.ActiveCfg = Debug|Any CPU
		{082D80E6-F83D-475B-81ED-DECB72346160}.Debug|Any CPU.Build.0 = Debug|Any CPU
		{082D80E6-F83D-475B-81ED-DECB72346160}.Release|Any CPU.ActiveCfg = Release|Any CPU
		{082D80E6-F83D-475B-81ED-DECB72346160}.Release|Any CPU.Build.0 = Release|Any CPU
	EndGlobalSection
	GlobalSection(SolutionProperties) = preSolution
		HideSolutionNode = FALSE
	EndGlobalSection
	GlobalSection(ExtensibilityGlobals) = postSolution
		SolutionGuid = {AB2D9C32-8937-4FF6-95E9-85747BCB8905}
	EndGlobalSection
EndGlobal
